PODS:
  - Flutter (1.0.0)
  - flutter_webrtc (0.2.2):
    - Flutter
    - GoogleWebRTC (= 1.1.29400)
    - Libyuv (= 1703)
  - flutterjanus (0.0.1):
    - Flutter
  - GoogleWebRTC (1.1.29400)
  - Libyuv (1703)

DEPENDENCIES:
  - Flutter (from `Flutter`)
  - flutter_webrtc (from `.symlinks/plugins/flutter_webrtc/ios`)
  - flutterjanus (from `.symlinks/plugins/flutterjanus/ios`)

SPEC REPOS:
  trunk:
    - GoogleWebRTC
    - Libyuv

EXTERNAL SOURCES:
  Flutter:
    :path: Flutter
  flutter_webrtc:
    :path: ".symlinks/plugins/flutter_webrtc/ios"
  flutterjanus:
    :path: ".symlinks/plugins/flutterjanus/ios"

SPEC CHECKSUMS:
  Flutter: 0e3d915762c693b495b44d77113d4970485de6ec
  flutter_webrtc: 626ca239bcc4390a514a2ac2b21b16d0c58b33fe
  flutterjanus: 9a5e27002c4b049811d5f0f0dda9cdd5971934ec
  GoogleWebRTC: cfb83bc346435a17fe06bb05f04ad826b858a7fb
  Libyuv: 5f79ced0ee66e60a612ca97de1e6ccacd187a437

PODFILE CHECKSUM: 59f923a7c5d63904f078501340d66bc5ec8ed887

COCOAPODS: 1.9.1
